
Microsoft Visual Studio Solution File, Format Version 12.00
# Visual Studio Version 16
VisualStudioVersion = 16.0.30711.63
MinimumVisualStudioVersion = 10.0.40219.1
Project("{FAE04EC0-301F-11D3-BF4B-00C04F79EFBC}") = "Books Summary", "Books Sumaary\Books Summary.csproj", "{510FDDF3-3E38-4884-9E9E-393A06D1B151}"
EndProject
Global
	GlobalSection(SolutionConfigurationPlatforms) = preSolution
		Debug|Any CPU = Debug|Any CPU
		Release|Any CPU = Release|Any CPU
	EndGlobalSection
	GlobalSection(ProjectConfigurationPlatforms) = postSolution
		{510FDDF3-3E38-4884-9E9E-393A06D1B151}.Debug|Any CPU.ActiveCfg = Debug|Any CPU
		{510FDDF3-3E38-4884-9E9E-393A06D1B151}.Debug|Any CPU.Build.0 = Debug|Any CPU
		{510FDDF3-3E38-4884-9E9E-393A06D1B151}.Release|Any CPU.ActiveCfg = Release|Any CPU
		{510FDDF3-3E38-4884-9E9E-393A06D1B151}.Release|Any CPU.Build.0 = Release|Any CPU
	EndGlobalSection
	GlobalSection(SolutionProperties) = preSolution
		HideSolutionNode = FALSE
	EndGlobalSection
	GlobalSection(ExtensibilityGlobals) = postSolution
		SolutionGuid = {7F6B01C4-293F-426B-B17E-34966B81F25F}
	EndGlobalSection
EndGlobal
